
Microsoft Visual Studio Solution File, Format Version 12.00
# Visual Studio Version 17
VisualStudioVersion = 17.2.32516.85
MinimumVisualStudioVersion = 10.0.40219.1
Project("{9A19103F-16F7-4668-BE54-9A1E7A4F7556}") = "backup-bunker-api", "backup-bunker-api\backup-bunker-api.csproj", "{A5CB2746-8A40-4E3D-A7A5-1818C61E0657}"
EndProject
Global
	GlobalSection(SolutionConfigurationPlatforms) = preSolution
		Debug|Any CPU = Debug|Any CPU
		Release|Any CPU = Release|Any CPU
	EndGlobalSection
	GlobalSection(ProjectConfigurationPlatforms) = postSolution
		{A5CB2746-8A40-4E3D-A7A5-1818C61E0657}.Debug|Any CPU.ActiveCfg = Debug|Any CPU
		{A5CB2746-8A40-4E3D-A7A5-1818C61E0657}.Debug|Any CPU.Build.0 = Debug|Any CPU
		{A5CB2746-8A40-4E3D-A7A5-1818C61E0657}.Release|Any CPU.ActiveCfg = Release|Any CPU
		{A5CB2746-8A40-4E3D-A7A5-1818C61E0657}.Release|Any CPU.Build.0 = Release|Any CPU
	EndGlobalSection
	GlobalSection(SolutionProperties) = preSolution
		HideSolutionNode = FALSE
	EndGlobalSection
	GlobalSection(ExtensibilityGlobals) = postSolution
		SolutionGuid = {604017C7-3655-40FD-BC2A-4C77959EE715}
	EndGlobalSection
EndGlobal
